schema: '2.0'
stages:
  preprocess:
    cmd: python src/preprocess.py
    deps:
    - path: data/raw/Housing.csv
      hash: md5
      md5: 801f8030dad1df22a53edfdbfa4e80f0
      size: 29981
    - path: src/preprocess.py
      hash: md5
      md5: 329743657b504bd9e9ab36eceec64a82
      size: 2695
    outs:
    - path: data/processed/test.csv
      hash: md5
      md5: e5b8c6f348f08af5b02276897dca02ac
      size: 8916
    - path: data/processed/train.csv
      hash: md5
      md5: bd01aa7e62f499655a78e6b2fbc38fad
      size: 35474
  train:
    cmd: python src/train.py
    deps:
    - path: data/processed/train.csv
      hash: md5
      md5: bd01aa7e62f499655a78e6b2fbc38fad
      size: 35474
    - path: src/train.py
      hash: md5
      md5: e7a1120994a8481167536fdca6d8b14a
      size: 3371
    outs:
    - path: models/model.pkl
      hash: md5
      md5: c575c75a124181aa6a7f7296a6ca5d81
      size: 458547
  evaluate:
    cmd: python src/evaluate.py
    deps:
    - path: data/processed/test.csv
      hash: md5
      md5: e5b8c6f348f08af5b02276897dca02ac
      size: 8916
    - path: models/model.pkl
      hash: md5
      md5: c575c75a124181aa6a7f7296a6ca5d81
      size: 458547
    - path: src/evaluate.py
      hash: md5
      md5: 0fbdfe62e5fc376178953495cbdcd923
      size: 1600
    outs:
    - path: metrics.json
      hash: md5
      md5: 5f42751186d89c960f94e8ab71a4b90e
      size: 72
